// !$*UTF8*$!
{
	archiveVersion = 1;
	classes = {
	};
	objectVersion = 56;
	objects = {

/* Begin PBXBuildFile section */
		272C686F291FDB4800FA7BD9 /* User.swift in Sources */ = {isa = PBXBuildFile; fileRef = 272C686E291FDB4800FA7BD9 /* User.swift */; };
		2732182D2923C895006552C7 /* AboutUserViewController.swift in Sources */ = {isa = PBXBuildFile; fileRef = 2732182C2923C895006552C7 /* AboutUserViewController.swift */; };
		2732182F2923D479006552C7 /* ImageViewController.swift in Sources */ = {isa = PBXBuildFile; fileRef = 2732182E2923D479006552C7 /* ImageViewController.swift */; };
		27F6E212291D9F69002E54DB /* AppDelegate.swift in Sources */ = {isa = PBXBuildFile; fileRef = 27F6E211291D9F69002E54DB /* AppDelegate.swift */; };
		27F6E214291D9F69002E54DB /* SceneDelegate.swift in Sources */ = {isa = PBXBuildFile; fileRef = 27F6E213291D9F69002E54DB /* SceneDelegate.swift */; };
		27F6E216291D9F69002E54DB /* ViewController.swift in Sources */ = {isa = PBXBuildFile; fileRef = 27F6E215291D9F69002E54DB /* ViewController.swift */; };
		27F6E219291D9F69002E54DB /* Main.storyboard in Resources */ = {isa = PBXBuildFile; fileRef = 27F6E217291D9F69002E54DB /* Main.storyboard */; };
		27F6E21B291D9F6A002E54DB /* Assets.xcassets in Resources */ = {isa = PBXBuildFile; fileRef = 27F6E21A291D9F6A002E54DB /* Assets.xcassets */; };
		27F6E21E291D9F6A002E54DB /* LaunchScreen.storyboard in Resources */ = {isa = PBXBuildFile; fileRef = 27F6E21C291D9F6A002E54DB /* LaunchScreen.storyboard */; };
		27F6E226291DA4FA002E54DB /* WelcomeViewController.swift in Sources */ = {isa = PBXBuildFile; fileRef = 27F6E225291DA4FA002E54DB /* WelcomeViewController.swift */; };
/* End PBXBuildFile section */

/* Begin PBXFileReference section */
		272C686E291FDB4800FA7BD9 /* User.swift */ = {isa = PBXFileReference; lastKnownFileType = sourcecode.swift; path = User.swift; sourceTree = "<group>"; };
		2732182C2923C895006552C7 /* AboutUserViewController.swift */ = {isa = PBXFileReference; lastKnownFileType = sourcecode.swift; path = AboutUserViewController.swift; sourceTree = "<group>"; };
		2732182E2923D479006552C7 /* ImageViewController.swift */ = {isa = PBXFileReference; lastKnownFileType = sourcecode.swift; path = ImageViewController.swift; sourceTree = "<group>"; };
		27F6E20E291D9F69002E54DB /* LogInApp.app */ = {isa = PBXFileReference; explicitFileType = wrapper.application; includeInIndex = 0; path = LogInApp.app; sourceTree = BUILT_PRODUCTS_DIR; };
		27F6E211291D9F69002E54DB /* AppDelegate.swift */ = {isa = PBXFileReference; lastKnownFileType = sourcecode.swift; path = AppDelegate.swift; sourceTree = "<group>"; };
		27F6E213291D9F69002E54DB /* SceneDelegate.swift */ = {isa = PBXFileReference; lastKnownFileType = sourcecode.swift; path = SceneDelegate.swift; sourceTree = "<group>"; };
		27F6E215291D9F69002E54DB /* ViewController.swift */ = {isa = PBXFileReference; lastKnownFileType = sourcecode.swift; path = ViewController.swift; sourceTree = "<group>"; };
		27F6E218291D9F69002E54DB /* Base */ = {isa = PBXFileReference; lastKnownFileType = file.storyboard; name = Base; path = Base.lproj/Main.storyboard; sourceTree = "<group>"; };
		27F6E21A291D9F6A002E54DB /* Assets.xcassets */ = {isa = PBXFileReference; lastKnownFileType = folder.assetcatalog; path = Assets.xcassets; sourceTree = "<group>"; };
		27F6E21D291D9F6A002E54DB /* Base */ = {isa = PBXFileReference; lastKnownFileType = file.storyboard; name = Base; path = Base.lproj/LaunchScreen.storyboard; sourceTree = "<group>"; };
		27F6E21F291D9F6A002E54DB /* Info.plist */ = {isa = PBXFileReference; lastKnownFileType = text.plist.xml; path = Info.plist; sourceTree = "<group>"; };
		27F6E225291DA4FA002E54DB /* WelcomeViewController.swift */ = {isa = PBXFileReference; lastKnownFileType = sourcecode.swift; path = WelcomeViewController.swift; sourceTree = "<group>"; };
/* End PBXFileReference section */

/* Begin PBXFrameworksBuildPhase section */
		27F6E20B291D9F69002E54DB /* Frameworks */ = {
			isa = PBXFrameworksBuildPhase;
			buildActionMask = 2147483647;
			files = (
			);
			runOnlyForDeploymentPostprocessing = 0;
		};
/* End PBXFrameworksBuildPhase section */

/* Begin PBXGroup section */
		272C6869291FDA9500FA7BD9 /* App */ = {
			isa = PBXGroup;
			children = (
				27F6E211291D9F69002E54DB /* AppDelegate.swift */,
				27F6E213291D9F69002E54DB /* SceneDelegate.swift */,
				27F6E21F291D9F6A002E54DB /* Info.plist */,
			);
			path = App;
			sourceTree = "<group>";
		};
		272C686A291FDAA200FA7BD9 /* ViewControllers */ = {
			isa = PBXGroup;
			children = (
				2732182C2923C895006552C7 /* AboutUserViewController.swift */,
				2732182E2923D479006552C7 /* ImageViewController.swift */,
				27F6E215291D9F69002E54DB /* ViewController.swift */,
				27F6E225291DA4FA002E54DB /* WelcomeViewController.swift */,
			);
			path = ViewControllers;
			sourceTree = "<group>";
		};
		272C686B291FDAAE00FA7BD9 /* Storyboards */ = {
			isa = PBXGroup;
			children = (
				27F6E217291D9F69002E54DB /* Main.storyboard */,
				27F6E21C291D9F6A002E54DB /* LaunchScreen.storyboard */,
			);
			path = Storyboards;
			sourceTree = "<group>";
		};
		272C686C291FDABB00FA7BD9 /* Resources */ = {
			isa = PBXGroup;
			children = (
				27F6E21A291D9F6A002E54DB /* Assets.xcassets */,
			);
			path = Resources;
			sourceTree = "<group>";
		};
		272C686D291FDACB00FA7BD9 /* Models */ = {
			isa = PBXGroup;
			children = (
				272C686E291FDB4800FA7BD9 /* User.swift */,
			);
			path = Models;
			sourceTree = "<group>";
		};
		27F6E205291D9F69002E54DB = {
			isa = PBXGroup;
			children = (
				27F6E210291D9F69002E54DB /* LogInApp */,
				27F6E20F291D9F69002E54DB /* Products */,
			);
			sourceTree = "<group>";
		};
		27F6E20F291D9F69002E54DB /* Products */ = {
			isa = PBXGroup;
			children = (
				27F6E20E291D9F69002E54DB /* LogInApp.app */,
			);
			name = Products;
			sourceTree = "<group>";
		};
		27F6E210291D9F69002E54DB /* LogInApp */ = {
			isa = PBXGroup;
			children = (
				272C686B291FDAAE00FA7BD9 /* Storyboards */,
				272C686A291FDAA200FA7BD9 /* ViewControllers */,
				272C686D291FDACB00FA7BD9 /* Models */,
				272C6869291FDA9500FA7BD9 /* App */,
				272C686C291FDABB00FA7BD9 /* Resources */,
			);
			path = LogInApp;
			sourceTree = "<group>";
		};
/* End PBXGroup section */

/* Begin PBXNativeTarget section */
		27F6E20D291D9F69002E54DB /* LogInApp */ = {
			isa = PBXNativeTarget;
			buildConfigurationList = 27F6E222291D9F6A002E54DB /* Build configuration list for PBXNativeTarget "LogInApp" */;
			buildPhases = (
				27F6E20A291D9F69002E54DB /* Sources */,
				27F6E20B291D9F69002E54DB /* Frameworks */,
				27F6E20C291D9F69002E54DB /* Resources */,
			);
			buildRules = (
			);
			dependencies = (
			);
			name = LogInApp;
			productName = LogInApp;
			productReference = 27F6E20E291D9F69002E54DB /* LogInApp.app */;
			productType = "com.apple.product-type.application";
		};
/* End PBXNativeTarget section */

/* Begin PBXProject section */
		27F6E206291D9F69002E54DB /* Project object */ = {
			isa = PBXProject;
			attributes = {
				BuildIndependentTargetsInParallel = 1;
				LastSwiftUpdateCheck = 1400;
				LastUpgradeCheck = 1400;
				TargetAttributes = {
					27F6E20D291D9F69002E54DB = {
						CreatedOnToolsVersion = 14.0.1;
					};
				};
			};
			buildConfigurationList = 27F6E209291D9F69002E54DB /* Build configuration list for PBXProject "LogInApp" */;
			compatibilityVersion = "Xcode 14.0";
			developmentRegion = en;
			hasScannedForEncodings = 0;
			knownRegions = (
				en,
				Base,
			);
			mainGroup = 27F6E205291D9F69002E54DB;
			productRefGroup = 27F6E20F291D9F69002E54DB /* Products */;
			projectDirPath = "";
			projectRoot = "";
			targets = (
				27F6E20D291D9F69002E54DB /* LogInApp */,
			);
		};
/* End PBXProject section */

/* Begin PBXResourcesBuildPhase section */
		27F6E20C291D9F69002E54DB /* Resources */ = {
			isa = PBXResourcesBuildPhase;
			buildActionMask = 2147483647;
			files = (
				27F6E21E291D9F6A002E54DB /* LaunchScreen.storyboard in Resources */,
				27F6E21B291D9F6A002E54DB /* Assets.xcassets in Resources */,
				27F6E219291D9F69002E54DB /* Main.storyboard in Resources */,
			);
			runOnlyForDeploymentPostprocessing = 0;
		};
/* End PBXResourcesBuildPhase section */

/* Begin PBXSourcesBuildPhase section */
		27F6E20A291D9F69002E54DB /* Sources */ = {
			isa = PBXSourcesBuildPhase;
			buildActionMask = 2147483647;
			files = (
				27F6E216291D9F69002E54DB /* ViewController.swift in Sources */,
				27F6E226291DA4FA002E54DB /* WelcomeViewController.swift in Sources */,
				2732182F2923D479006552C7 /* ImageViewController.swift in Sources */,
				27F6E212291D9F69002E54DB /* AppDelegate.swift in Sources */,
				272C686F291FDB4800FA7BD9 /* User.swift in Sources */,
				27F6E214291D9F69002E54DB /* SceneDelegate.swift in Sources */,
				2732182D2923C895006552C7 /* AboutUserViewController.swift in Sources */,
			);
			runOnlyForDeploymentPostprocessing = 0;
		};
/* End PBXSourcesBuildPhase section */

/* Begin PBXVariantGroup section */
		27F6E217291D9F69002E54DB /* Main.storyboard */ = {
			isa = PBXVariantGroup;
			children = (
				27F6E218291D9F69002E54DB /* Base */,
			);
			name = Main.storyboard;
			sourceTree = "<group>";
		};
		27F6E21C291D9F6A002E54DB /* LaunchScreen.storyboard */ = {
			isa = PBXVariantGroup;
			children = (
				27F6E21D291D9F6A002E54DB /* Base */,
			);
			name = LaunchScreen.storyboard;
			sourceTree = "<group>";
		};
/* End PBXVariantGroup section */

/* Begin XCBuildConfiguration section */
		27F6E220291D9F6A002E54DB /* Debug */ = {
			isa = XCBuildConfiguration;
			buildSettings = {
				ALWAYS_SEARCH_USER_PATHS = NO;
				CLANG_ANALYZER_NONNULL = YES;
				CLANG_ANALYZER_NUMBER_OBJECT_CONVERSION = YES_AGGRESSIVE;
				CLANG_CXX_LANGUAGE_STANDARD = "gnu++20";
				CLANG_ENABLE_MODULES = YES;
				CLANG_ENABLE_OBJC_ARC = YES;
				CLANG_ENABLE_OBJC_WEAK = YES;
				CLANG_WARN_BLOCK_CAPTURE_AUTORELEASING = YES;
				CLANG_WARN_BOOL_CONVERSION = YES;
				CLANG_WARN_COMMA = YES;
				CLANG_WARN_CONSTANT_CONVERSION = YES;
				CLANG_WARN_DEPRECATED_OBJC_IMPLEMENTATIONS = YES;
				CLANG_WARN_DIRECT_OBJC_ISA_USAGE = YES_ERROR;
				CLANG_WARN_DOCUMENTATION_COMMENTS = YES;
				CLANG_WARN_EMPTY_BODY = YES;
				CLANG_WARN_ENUM_CONVERSION = YES;
				CLANG_WARN_INFINITE_RECURSION = YES;
				CLANG_WARN_INT_CONVERSION = YES;
				CLANG_WARN_NON_LITERAL_NULL_CONVERSION = YES;
				CLANG_WARN_OBJC_IMPLICIT_RETAIN_SELF = YES;
				CLANG_WARN_OBJC_LITERAL_CONVERSION = YES;
				CLANG_WARN_OBJC_ROOT_CLASS = YES_ERROR;
				CLANG_WARN_QUOTED_INCLUDE_IN_FRAMEWORK_HEADER = YES;
				CLANG_WARN_RANGE_LOOP_ANALYSIS = YES;
				CLANG_WARN_STRICT_PROTOTYPES = YES;
				CLANG_WARN_SUSPICIOUS_MOVE = YES;
				CLANG_WARN_UNGUARDED_AVAILABILITY = YES_AGGRESSIVE;
				CLANG_WARN_UNREACHABLE_CODE = YES;
				CLANG_WARN__DUPLICATE_METHOD_MATCH = YES;
				COPY_PHASE_STRIP = NO;
				DEBUG_INFORMATION_FORMAT = dwarf;
				ENABLE_STRICT_OBJC_MSGSEND = YES;
				ENABLE_TESTABILITY = YES;
				GCC_C_LANGUAGE_STANDARD = gnu11;
				GCC_DYNAMIC_NO_PIC = NO;
				GCC_NO_COMMON_BLOCKS = YES;
				GCC_OPTIMIZATION_LEVEL = 0;
				GCC_PREPROCESSOR_DEFINITIONS = (
					"DEBUG=1",
					"$(inherited)",
				);
				GCC_WARN_64_TO_32_BIT_CONVERSION = YES;
				GCC_WARN_ABOUT_RETURN_TYPE = YES_ERROR;
				GCC_WARN_UNDECLARED_SELECTOR = YES;
				GCC_WARN_UNINITIALIZED_AUTOS = YES_AGGRESSIVE;
				GCC_WARN_UNUSED_FUNCTION = YES;
				GCC_WARN_UNUSED_VARIABLE = YES;
				IPHONEOS_DEPLOYMENT_TARGET = 16.0;
				MTL_ENABLE_DEBUG_INFO = INCLUDE_SOURCE;
				MTL_FAST_MATH = YES;
				ONLY_ACTIVE_ARCH = YES;
				SDKROOT = iphoneos;
				SWIFT_ACTIVE_COMPILATION_CONDITIONS = DEBUG;
				SWIFT_OPTIMIZATION_LEVEL = "-Onone";
			};
			name = Debug;
		};
		27F6E221291D9F6A002E54DB /* Release */ = {
			isa = XCBuildConfiguration;
			buildSettings = {
				ALWAYS_SEARCH_USER_PATHS = NO;
				CLANG_ANALYZER_NONNULL = YES;
				CLANG_ANALYZER_NUMBER_OBJECT_CONVERSION = YES_AGGRESSIVE;
				CLANG_CXX_LANGUAGE_STANDARD = "gnu++20";
				CLANG_ENABLE_MODULES = YES;
				CLANG_ENABLE_OBJC_ARC = YES;
				CLANG_ENABLE_OBJC_WEAK = YES;
				CLANG_WARN_BLOCK_CAPTURE_AUTORELEASING = YES;
				CLANG_WARN_BOOL_CONVERSION = YES;
				CLANG_WARN_COMMA = YES;
				CLANG_WARN_CONSTANT_CONVERSION = YES;
				CLANG_WARN_DEPRECATED_OBJC_IMPLEMENTATIONS = YES;
				CLANG_WARN_DIRECT_OBJC_ISA_USAGE = YES_ERROR;
				CLANG_WARN_DOCUMENTATION_COMMENTS = YES;
				CLANG_WARN_EMPTY_BODY = YES;
				CLANG_WARN_ENUM_CONVERSION = YES;
				CLANG_WARN_INFINITE_RECURSION = YES;
				CLANG_WARN_INT_CONVERSION = YES;
				CLANG_WARN_NON_LITERAL_NULL_CONVERSION = YES;
				CLANG_WARN_OBJC_IMPLICIT_RETAIN_SELF = YES;
				CLANG_WARN_OBJC_LITERAL_CONVERSION = YES;
				CLANG_WARN_OBJC_ROOT_CLASS = YES_ERROR;
				CLANG_WARN_QUOTED_INCLUDE_IN_FRAMEWORK_HEADER = YES;
				CLANG_WARN_RANGE_LOOP_ANALYSIS = YES;
				CLANG_WARN_STRICT_PROTOTYPES = YES;
				CLANG_WARN_SUSPICIOUS_MOVE = YES;
				CLANG_WARN_UNGUARDED_AVAILABILITY = YES_AGGRESSIVE;
				CLANG_WARN_UNREACHABLE_CODE = YES;
				CLANG_WARN__DUPLICATE_METHOD_MATCH = YES;
				COPY_PHASE_STRIP = NO;
				DEBUG_INFORMATION_FORMAT = "dwarf-with-dsym";
				ENABLE_NS_ASSERTIONS = NO;
				ENABLE_STRICT_OBJC_MSGSEND = YES;
				GCC_C_LANGUAGE_STANDARD = gnu11;
				GCC_NO_COMMON_BLOCKS = YES;
				GCC_WARN_64_TO_32_BIT_CONVERSION = YES;
				GCC_WARN_ABOUT_RETURN_TYPE = YES_ERROR;
				GCC_WARN_UNDECLARED_SELECTOR = YES;
				GCC_WARN_UNINITIALIZED_AUTOS = YES_AGGRESSIVE;
				GCC_WARN_UNUSED_FUNCTION = YES;
				GCC_WARN_UNUSED_VARIABLE = YES;
				IPHONEOS_DEPLOYMENT_TARGET = 16.0;
				MTL_ENABLE_DEBUG_INFO = NO;
				MTL_FAST_MATH = YES;
				SDKROOT = iphoneos;
				SWIFT_COMPILATION_MODE = wholemodule;
				SWIFT_OPTIMIZATION_LEVEL = "-O";
				VALIDATE_PRODUCT = YES;
			};
			name = Release;
		};
		27F6E223291D9F6A002E54DB /* Debug */ = {
			isa = XCBuildConfiguration;
			buildSettings = {
				ASSETCATALOG_COMPILER_APPICON_NAME = AppIcon;
				ASSETCATALOG_COMPILER_GLOBAL_ACCENT_COLOR_NAME = AccentColor;
				CODE_SIGN_STYLE = Automatic;
				CURRENT_PROJECT_VERSION = 1;
				GENERATE_INFOPLIST_FILE = YES;
				INFOPLIST_FILE = LogInApp/App/Info.plist;
				INFOPLIST_KEY_UIApplicationSupportsIndirectInputEvents = YES;
				INFOPLIST_KEY_UILaunchStoryboardName = LaunchScreen;
				INFOPLIST_KEY_UIMainStoryboardFile = Main;
				INFOPLIST_KEY_UISupportedInterfaceOrientations_iPad = "UIInterfaceOrientationPortrait UIInterfaceOrientationPortraitUpsideDown UIInterfaceOrientationLandscapeLeft UIInterfaceOrientationLandscapeRight";
				INFOPLIST_KEY_UISupportedInterfaceOrientations_iPhone = "UIInterfaceOrientationPortrait UIInterfaceOrientationLandscapeLeft UIInterfaceOrientationLandscapeRight";
				LD_RUNPATH_SEARCH_PATHS = (
					"$(inherited)",
					"@executable_path/Frameworks",
				);
				MARKETING_VERSION = 1.0;
				PRODUCT_BUNDLE_IDENTIFIER = EgorYakovin.LogInApp;
				PRODUCT_NAME = "$(TARGET_NAME)";
				SWIFT_EMIT_LOC_STRINGS = YES;
				SWIFT_VERSION = 5.0;
				TARGETED_DEVICE_FAMILY = "1,2";
			};
			name = Debug;
		};
		27F6E224291D9F6A002E54DB /* Release */ = {
			isa = XCBuildConfiguration;
			buildSettings = {
				ASSETCATALOG_COMPILER_APPICON_NAME = AppIcon;
				ASSETCATALOG_COMPILER_GLOBAL_ACCENT_COLOR_NAME = AccentColor;
				CODE_SIGN_STYLE = Automatic;
				CURRENT_PROJECT_VERSION = 1;
				GENERATE_INFOPLIST_FILE = YES;
				INFOPLIST_FILE = LogInApp/App/Info.plist;
				INFOPLIST_KEY_UIApplicationSupportsIndirectInputEvents = YES;
				INFOPLIST_KEY_UILaunchStoryboardName = LaunchScreen;
				INFOPLIST_KEY_UIMainStoryboardFile = Main;
				INFOPLIST_KEY_UISupportedInterfaceOrientations_iPad = "UIInterfaceOrientationPortrait UIInterfaceOrientationPortraitUpsideDown UIInterfaceOrientationLandscapeLeft UIInterfaceOrientationLandscapeRight";
				INFOPLIST_KEY_UISupportedInterfaceOrientations_iPhone = "UIInterfaceOrientationPortrait UIInterfaceOrientationLandscapeLeft UIInterfaceOrientationLandscapeRight";
				LD_RUNPATH_SEARCH_PATHS = (
					"$(inherited)",
					"@executable_path/Frameworks",
				);
				MARKETING_VERSION = 1.0;
				PRODUCT_BUNDLE_IDENTIFIER = EgorYakovin.LogInApp;
				PRODUCT_NAME = "$(TARGET_NAME)";
				SWIFT_EMIT_LOC_STRINGS = YES;
				SWIFT_VERSION = 5.0;
				TARGETED_DEVICE_FAMILY = "1,2";
			};
			name = Release;
		};
/* End XCBuildConfiguration section */

/* Begin XCConfigurationList section */
		27F6E209291D9F69002E54DB /* Build configuration list for PBXProject "LogInApp" */ = {
			isa = XCConfigurationList;
			buildConfigurations = (
				27F6E220291D9F6A002E54DB /* Debug */,
				27F6E221291D9F6A002E54DB /* Release */,
			);
			defaultConfigurationIsVisible = 0;
			defaultConfigurationName = Release;
		};
		27F6E222291D9F6A002E54DB /* Build configuration list for PBXNativeTarget "LogInApp" */ = {
			isa = XCConfigurationList;
			buildConfigurations = (
				27F6E223291D9F6A002E54DB /* Debug */,
				27F6E224291D9F6A002E54DB /* Release */,
			);
			defaultConfigurationIsVisible = 0;
			defaultConfigurationName = Release;
		};
/* End XCConfigurationList section */
	};
	rootObject = 27F6E206291D9F69002E54DB /* Project object */;
}
